{
  "name": "emoji-picker",
  "version": "0.2.0",
  "lockfileVersion": 3,
  "requires": true,
  "packages": {
    "": {
      "name": "emoji-picker",
      "version": "0.2.0",
      "license": "MIT",
      "dependencies": {
        "@emoji-mart/data": "^1.1.2",
        "@emoji-mart/react": "^1.1.1",
        "emoji-regex": "^10.1.0",
        "js-yaml": "^4.1.0",
        "white-matter": "^0.2.0"
      },
      "engines": {
        "inkdrop": "^5.x"
      }
    },
    "node_modules/@emoji-mart/data": {
      "version": "1.1.2",
      "resolved": "https://registry.npmjs.org/@emoji-mart/data/-/data-1.1.2.tgz",
      "integrity": "sha512-1HP8BxD2azjqWJvxIaWAMyTySeZY0Osr83ukYjltPVkNXeJvTz7yDrPLBtnrD5uqJ3tg4CcLuuBW09wahqL/fg=="
    },
    "node_modules/@emoji-mart/react": {
      "version": "1.1.1",
      "resolved": "https://registry.npmjs.org/@emoji-mart/react/-/react-1.1.1.tgz",
      "integrity": "sha512-NMlFNeWgv1//uPsvLxvGQoIerPuVdXwK/EUek8OOkJ6wVOWPUizRBJU0hDqWZCOROVpfBgCemaC3m6jDOXi03g==",
      "peerDependencies": {
        "emoji-mart": "^5.2",
        "react": "^16.8 || ^17 || ^18"
      }
    },
    "node_modules/@emoji-mart/react/_NOT_USED_": {
      "peer": true
    },
    "node_modules/argparse": {
      "version": "2.0.1",
      "resolved": "https://registry.npmjs.org/argparse/-/argparse-2.0.1.tgz",
      "integrity": "sha512-8+9WqebbFzpX9OR+Wa6O29asIogeRMzcGtAINdpMHHyAg10f05aSFVBbcEqGf/PXw1EjAZ+q2/bEBg3DvurK3Q=="
    },
    "node_modules/emoji-mart": {
      "version": "5.5.2",
      "resolved": "https://registry.npmjs.org/emoji-mart/-/emoji-mart-5.5.2.tgz",
      "integrity": "sha512-Sqc/nso4cjxhOwWJsp9xkVm8OF5c+mJLZJFoFfzRuKO+yWiN7K8c96xmtughYb0d/fZ8UC6cLIQ/p4BR6Pv3/A==",
      "peer": true
    },
    "node_modules/emoji-regex": {
      "version": "10.2.1",
      "resolved": "https://registry.npmjs.org/emoji-regex/-/emoji-regex-10.2.1.tgz",
      "integrity": "sha512-97g6QgOk8zlDRdgq1WxwgTMgEWGVAQvB5Fdpgc1MkNy56la5SKP9GsMXKDOdqwn90/41a8yPwIGk1Y6WVbeMQA=="
    },
    "node_modules/js-yaml": {
      "version": "4.1.0",
      "resolved": "https://registry.npmjs.org/js-yaml/-/js-yaml-4.1.0.tgz",
      "integrity": "sha512-wpxZs9NoxZaJESJGIZTyDEaYpl0FKSA+FB9aJiyemKhMwkxQg63h4T1KJgUGHpTqPDNRcmmYLugrRjJlBtWvRA==",
      "dependencies": {
        "argparse": "^2.0.1"
      },
      "bin": {
        "js-yaml": "bin/js-yaml.js"
      }
    },
    "node_modules/react": {
      "resolved": "node_modules/@emoji-mart/react/_NOT_USED_",
      "link": true
    },
    "node_modules/white-matter": {
      "version": "0.2.0",
      "resolved": "https://registry.npmjs.org/white-matter/-/white-matter-0.2.0.tgz",
      "integrity": "sha512-Mc2ZGPKjCK52YixeVhS5Z1sJIXIzKLzkUk+2cNv8iuP1CI8+1zX2TKkD6nYbCDz0l9p25qdZW6JW9l1Q5FXkbg==",
      "dependencies": {
        "js-yaml": "^4.1.0"
      }
    }
  }
}
